
Microsoft Visual Studio Solution File, Format Version 12.00
# Visual Studio Version 17
VisualStudioVersion = 17.5.33502.453
MinimumVisualStudioVersion = 10.0.40219.1
Project("{FAE04EC0-301F-11D3-BF4B-00C04F79EFBC}") = "net-calculator-tester", "net-calculator-tester\net-calculator-tester.csproj", "{AAAF69FB-BEC7-4421-8A65-7F3DBDAE67C4}"
EndProject
Global
	GlobalSection(SolutionConfigurationPlatforms) = preSolution
		Debug|Any CPU = Debug|Any CPU
		Release|Any CPU = Release|Any CPU
	EndGlobalSection
	GlobalSection(ProjectConfigurationPlatforms) = postSolution
		{AAAF69FB-BEC7-4421-8A65-7F3DBDAE67C4}.Debug|Any CPU.ActiveCfg = Debug|Any CPU
		{AAAF69FB-BEC7-4421-8A65-7F3DBDAE67C4}.Debug|Any CPU.Build.0 = Debug|Any CPU
		{AAAF69FB-BEC7-4421-8A65-7F3DBDAE67C4}.Release|Any CPU.ActiveCfg = Release|Any CPU
		{AAAF69FB-BEC7-4421-8A65-7F3DBDAE67C4}.Release|Any CPU.Build.0 = Release|Any CPU
	EndGlobalSection
	GlobalSection(SolutionProperties) = preSolution
		HideSolutionNode = FALSE
	EndGlobalSection
	GlobalSection(ExtensibilityGlobals) = postSolution
		SolutionGuid = {08EC5E73-555B-4E90-912E-ED706F595858}
	EndGlobalSection
EndGlobal
